
Microsoft Visual Studio Solution File, Format Version 12.00
Project("{FAE04EC0-301F-11D3-BF4B-00C04F79EFBC}") = "WebApp", "WebApp\WebApp.csproj", "{161C6BAB-EB7E-4C97-9E57-FA5C840DFD4E}"
EndProject
Project("{2150E333-8FDC-42A3-9474-1A3956D46DE8}") = "Base", "Base", "{C7BDA920-A675-4957-9B53-AB4FE4BC2AF8}"
EndProject
Project("{2150E333-8FDC-42A3-9474-1A3956D46DE8}") = "Base.Contracts", "Base.Contracts", "{7494DCC7-1C6E-4F89-8014-7DCC354B2551}"
EndProject
Project("{FAE04EC0-301F-11D3-BF4B-00C04F79EFBC}") = "Base.Contracts.Domain", "Base.Contracts.Domain\Base.Contracts.Domain.csproj", "{E97EC190-1EF4-4972-BFEC-80B10096190D}"
EndProject
Project("{FAE04EC0-301F-11D3-BF4B-00C04F79EFBC}") = "Base.Domain", "Base.Domain\Base.Domain.csproj", "{0009DD00-3E01-4562-B154-FCDE5685B7B4}"
EndProject
Project("{2150E333-8FDC-42A3-9474-1A3956D46DE8}") = "App", "App", "{E6D8FF38-CE91-4063-8B0B-95752C7B9C10}"
EndProject
Project("{2150E333-8FDC-42A3-9474-1A3956D46DE8}") = "Solution Items", "Solution Items", "{414F9CD2-DF45-4F45-8E64-D28D2E8E6B57}"
	ProjectSection(SolutionItems) = preProject
		Directory.Build.props = Directory.Build.props
		README.md = README.md
		docker-compose.yml = docker-compose.yml
		Dockerfile = Dockerfile
		.dockerignore = .dockerignore
	EndProjectSection
EndProject
Project("{FAE04EC0-301F-11D3-BF4B-00C04F79EFBC}") = "App.Domain", "App.Domain\App.Domain.csproj", "{88A53910-E7CE-4C7F-BB76-32067396BB6B}"
EndProject
Project("{FAE04EC0-301F-11D3-BF4B-00C04F79EFBC}") = "App.DAL.EF", "App.DAL.EF\App.DAL.EF.csproj", "{24F1886B-E895-4413-A16F-5CC7F10CBEAE}"
EndProject
Project("{FAE04EC0-301F-11D3-BF4B-00C04F79EFBC}") = "App.Resources", "App.Resources\App.Resources.csproj", "{FBA600D1-1048-4926-8A3C-2F1026C7D957}"
EndProject
Project("{FAE04EC0-301F-11D3-BF4B-00C04F79EFBC}") = "Base.Resources", "Base.Resources\Base.Resources.csproj", "{29D43980-0620-4EF9-AE1D-44EEF2782946}"
EndProject
Project("{FAE04EC0-301F-11D3-BF4B-00C04F79EFBC}") = "Base.Contracts.DAL", "Base.Contracts.DAL\Base.Contracts.DAL.csproj", "{D5D93C6C-58BD-4365-8522-ACEF1F9C6BE2}"
EndProject
Project("{FAE04EC0-301F-11D3-BF4B-00C04F79EFBC}") = "Base.DAL.EF", "Base.DAL.EF\Base.DAL.EF.csproj", "{DD1A33CC-C9D7-473A-948E-DC3C397C23C9}"
EndProject
Project("{FAE04EC0-301F-11D3-BF4B-00C04F79EFBC}") = "App.Contracts.DAL", "App.Contracts.DAL\App.Contracts.DAL.csproj", "{1448E12A-C092-4CC4-9148-8D3B20870D39}"
EndProject
Project("{FAE04EC0-301F-11D3-BF4B-00C04F79EFBC}") = "Base.Extensions", "Base.Extensions\Base.Extensions.csproj", "{594CC612-25AB-4AE1-B836-C416880E5701}"
EndProject
Project("{FAE04EC0-301F-11D3-BF4B-00C04F79EFBC}") = "Base.DAL", "Base.DAL\Base.DAL.csproj", "{0AAB67A1-902A-47C0-B486-668508746F06}"
EndProject
Project("{FAE04EC0-301F-11D3-BF4B-00C04F79EFBC}") = "Base.Bll", "Base.Bll\Base.Bll.csproj", "{02EE1C5E-F151-47BD-9FD8-207E101D1671}"
EndProject
Project("{FAE04EC0-301F-11D3-BF4B-00C04F79EFBC}") = "App.BLL", "App.BLL\App.BLL.csproj", "{B46FB9EB-FF32-4EED-BE99-832483DC288E}"
EndProject
Project("{FAE04EC0-301F-11D3-BF4B-00C04F79EFBC}") = "App.Bll.DTO", "App.Bll.DTO\App.Bll.DTO.csproj", "{CFB25F2B-C049-4822-A322-71A7D609CD2A}"
EndProject
Project("{FAE04EC0-301F-11D3-BF4B-00C04F79EFBC}") = "App.DAL.DTO", "App.DAL.DTO\App.DAL.DTO.csproj", "{55A28508-C43C-4D86-8114-A975327D0993}"
EndProject
Project("{FAE04EC0-301F-11D3-BF4B-00C04F79EFBC}") = "App.Contracts.BLL", "App.Contracts.BLL\App.Contracts.BLL.csproj", "{10B21889-7E00-4FB6-B5BD-57358F2E705F}"
EndProject
Project("{FAE04EC0-301F-11D3-BF4B-00C04F79EFBC}") = "Base.Contracts.Base", "Base.Contracts.Base\Base.Contracts.Base.csproj", "{F6DEBD73-7F76-4F7E-92FB-F439891CB6C8}"
EndProject
Project("{FAE04EC0-301F-11D3-BF4B-00C04F79EFBC}") = "Base.Contracts.Bll", "Base.Contracts.Bll\Base.Contracts.Bll.csproj", "{DEDC76B3-994F-4298-B29A-9CE3832FEE84}"
EndProject
Project("{FAE04EC0-301F-11D3-BF4B-00C04F79EFBC}") = "Tests.WebApp", "Tests.WebApp\Tests.WebApp.csproj", "{C75666B9-DAA7-4202-836F-80EB152A2168}"
EndProject
Project("{FAE04EC0-301F-11D3-BF4B-00C04F79EFBC}") = "App.Public.DTO", "App.Public.DTO\App.Public.DTO.csproj", "{BF64D61D-2C3A-408E-B9FF-6DB00C8F02DB}"
EndProject
Global
	GlobalSection(SolutionConfigurationPlatforms) = preSolution
		Debug|Any CPU = Debug|Any CPU
		Release|Any CPU = Release|Any CPU
	EndGlobalSection
	GlobalSection(ProjectConfigurationPlatforms) = postSolution
		{161C6BAB-EB7E-4C97-9E57-FA5C840DFD4E}.Debug|Any CPU.ActiveCfg = Debug|Any CPU
		{161C6BAB-EB7E-4C97-9E57-FA5C840DFD4E}.Debug|Any CPU.Build.0 = Debug|Any CPU
		{161C6BAB-EB7E-4C97-9E57-FA5C840DFD4E}.Release|Any CPU.ActiveCfg = Release|Any CPU
		{161C6BAB-EB7E-4C97-9E57-FA5C840DFD4E}.Release|Any CPU.Build.0 = Release|Any CPU
		{E97EC190-1EF4-4972-BFEC-80B10096190D}.Debug|Any CPU.ActiveCfg = Debug|Any CPU
		{E97EC190-1EF4-4972-BFEC-80B10096190D}.Debug|Any CPU.Build.0 = Debug|Any CPU
		{E97EC190-1EF4-4972-BFEC-80B10096190D}.Release|Any CPU.ActiveCfg = Release|Any CPU
		{E97EC190-1EF4-4972-BFEC-80B10096190D}.Release|Any CPU.Build.0 = Release|Any CPU
		{0009DD00-3E01-4562-B154-FCDE5685B7B4}.Debug|Any CPU.ActiveCfg = Debug|Any CPU
		{0009DD00-3E01-4562-B154-FCDE5685B7B4}.Debug|Any CPU.Build.0 = Debug|Any CPU
		{0009DD00-3E01-4562-B154-FCDE5685B7B4}.Release|Any CPU.ActiveCfg = Release|Any CPU
		{0009DD00-3E01-4562-B154-FCDE5685B7B4}.Release|Any CPU.Build.0 = Release|Any CPU
		{88A53910-E7CE-4C7F-BB76-32067396BB6B}.Debug|Any CPU.ActiveCfg = Debug|Any CPU
		{88A53910-E7CE-4C7F-BB76-32067396BB6B}.Debug|Any CPU.Build.0 = Debug|Any CPU
		{88A53910-E7CE-4C7F-BB76-32067396BB6B}.Release|Any CPU.ActiveCfg = Release|Any CPU
		{88A53910-E7CE-4C7F-BB76-32067396BB6B}.Release|Any CPU.Build.0 = Release|Any CPU
		{24F1886B-E895-4413-A16F-5CC7F10CBEAE}.Debug|Any CPU.ActiveCfg = Debug|Any CPU
		{24F1886B-E895-4413-A16F-5CC7F10CBEAE}.Debug|Any CPU.Build.0 = Debug|Any CPU
		{24F1886B-E895-4413-A16F-5CC7F10CBEAE}.Release|Any CPU.ActiveCfg = Release|Any CPU
		{24F1886B-E895-4413-A16F-5CC7F10CBEAE}.Release|Any CPU.Build.0 = Release|Any CPU
		{FBA600D1-1048-4926-8A3C-2F1026C7D957}.Debug|Any CPU.ActiveCfg = Debug|Any CPU
		{FBA600D1-1048-4926-8A3C-2F1026C7D957}.Debug|Any CPU.Build.0 = Debug|Any CPU
		{FBA600D1-1048-4926-8A3C-2F1026C7D957}.Release|Any CPU.ActiveCfg = Release|Any CPU
		{FBA600D1-1048-4926-8A3C-2F1026C7D957}.Release|Any CPU.Build.0 = Release|Any CPU
		{29D43980-0620-4EF9-AE1D-44EEF2782946}.Debug|Any CPU.ActiveCfg = Debug|Any CPU
		{29D43980-0620-4EF9-AE1D-44EEF2782946}.Debug|Any CPU.Build.0 = Debug|Any CPU
		{29D43980-0620-4EF9-AE1D-44EEF2782946}.Release|Any CPU.ActiveCfg = Release|Any CPU
		{29D43980-0620-4EF9-AE1D-44EEF2782946}.Release|Any CPU.Build.0 = Release|Any CPU
		{D5D93C6C-58BD-4365-8522-ACEF1F9C6BE2}.Debug|Any CPU.ActiveCfg = Debug|Any CPU
		{D5D93C6C-58BD-4365-8522-ACEF1F9C6BE2}.Debug|Any CPU.Build.0 = Debug|Any CPU
		{D5D93C6C-58BD-4365-8522-ACEF1F9C6BE2}.Release|Any CPU.ActiveCfg = Release|Any CPU
		{D5D93C6C-58BD-4365-8522-ACEF1F9C6BE2}.Release|Any CPU.Build.0 = Release|Any CPU
		{DD1A33CC-C9D7-473A-948E-DC3C397C23C9}.Debug|Any CPU.ActiveCfg = Debug|Any CPU
		{DD1A33CC-C9D7-473A-948E-DC3C397C23C9}.Debug|Any CPU.Build.0 = Debug|Any CPU
		{DD1A33CC-C9D7-473A-948E-DC3C397C23C9}.Release|Any CPU.ActiveCfg = Release|Any CPU
		{DD1A33CC-C9D7-473A-948E-DC3C397C23C9}.Release|Any CPU.Build.0 = Release|Any CPU
		{1448E12A-C092-4CC4-9148-8D3B20870D39}.Debug|Any CPU.ActiveCfg = Debug|Any CPU
		{1448E12A-C092-4CC4-9148-8D3B20870D39}.Debug|Any CPU.Build.0 = Debug|Any CPU
		{1448E12A-C092-4CC4-9148-8D3B20870D39}.Release|Any CPU.ActiveCfg = Release|Any CPU
		{1448E12A-C092-4CC4-9148-8D3B20870D39}.Release|Any CPU.Build.0 = Release|Any CPU
		{594CC612-25AB-4AE1-B836-C416880E5701}.Debug|Any CPU.ActiveCfg = Debug|Any CPU
		{594CC612-25AB-4AE1-B836-C416880E5701}.Debug|Any CPU.Build.0 = Debug|Any CPU
		{594CC612-25AB-4AE1-B836-C416880E5701}.Release|Any CPU.ActiveCfg = Release|Any CPU
		{594CC612-25AB-4AE1-B836-C416880E5701}.Release|Any CPU.Build.0 = Release|Any CPU
		{0AAB67A1-902A-47C0-B486-668508746F06}.Debug|Any CPU.ActiveCfg = Debug|Any CPU
		{0AAB67A1-902A-47C0-B486-668508746F06}.Debug|Any CPU.Build.0 = Debug|Any CPU
		{0AAB67A1-902A-47C0-B486-668508746F06}.Release|Any CPU.ActiveCfg = Release|Any CPU
		{0AAB67A1-902A-47C0-B486-668508746F06}.Release|Any CPU.Build.0 = Release|Any CPU
		{02EE1C5E-F151-47BD-9FD8-207E101D1671}.Debug|Any CPU.ActiveCfg = Debug|Any CPU
		{02EE1C5E-F151-47BD-9FD8-207E101D1671}.Debug|Any CPU.Build.0 = Debug|Any CPU
		{02EE1C5E-F151-47BD-9FD8-207E101D1671}.Release|Any CPU.ActiveCfg = Release|Any CPU
		{02EE1C5E-F151-47BD-9FD8-207E101D1671}.Release|Any CPU.Build.0 = Release|Any CPU
		{B46FB9EB-FF32-4EED-BE99-832483DC288E}.Debug|Any CPU.ActiveCfg = Debug|Any CPU
		{B46FB9EB-FF32-4EED-BE99-832483DC288E}.Debug|Any CPU.Build.0 = Debug|Any CPU
		{B46FB9EB-FF32-4EED-BE99-832483DC288E}.Release|Any CPU.ActiveCfg = Release|Any CPU
		{B46FB9EB-FF32-4EED-BE99-832483DC288E}.Release|Any CPU.Build.0 = Release|Any CPU
		{CFB25F2B-C049-4822-A322-71A7D609CD2A}.Debug|Any CPU.ActiveCfg = Debug|Any CPU
		{CFB25F2B-C049-4822-A322-71A7D609CD2A}.Debug|Any CPU.Build.0 = Debug|Any CPU
		{CFB25F2B-C049-4822-A322-71A7D609CD2A}.Release|Any CPU.ActiveCfg = Release|Any CPU
		{CFB25F2B-C049-4822-A322-71A7D609CD2A}.Release|Any CPU.Build.0 = Release|Any CPU
		{55A28508-C43C-4D86-8114-A975327D0993}.Debug|Any CPU.ActiveCfg = Debug|Any CPU
		{55A28508-C43C-4D86-8114-A975327D0993}.Debug|Any CPU.Build.0 = Debug|Any CPU
		{55A28508-C43C-4D86-8114-A975327D0993}.Release|Any CPU.ActiveCfg = Release|Any CPU
		{55A28508-C43C-4D86-8114-A975327D0993}.Release|Any CPU.Build.0 = Release|Any CPU
		{10B21889-7E00-4FB6-B5BD-57358F2E705F}.Debug|Any CPU.ActiveCfg = Debug|Any CPU
		{10B21889-7E00-4FB6-B5BD-57358F2E705F}.Debug|Any CPU.Build.0 = Debug|Any CPU
		{10B21889-7E00-4FB6-B5BD-57358F2E705F}.Release|Any CPU.ActiveCfg = Release|Any CPU
		{10B21889-7E00-4FB6-B5BD-57358F2E705F}.Release|Any CPU.Build.0 = Release|Any CPU
		{F6DEBD73-7F76-4F7E-92FB-F439891CB6C8}.Debug|Any CPU.ActiveCfg = Debug|Any CPU
		{F6DEBD73-7F76-4F7E-92FB-F439891CB6C8}.Debug|Any CPU.Build.0 = Debug|Any CPU
		{F6DEBD73-7F76-4F7E-92FB-F439891CB6C8}.Release|Any CPU.ActiveCfg = Release|Any CPU
		{F6DEBD73-7F76-4F7E-92FB-F439891CB6C8}.Release|Any CPU.Build.0 = Release|Any CPU
		{DEDC76B3-994F-4298-B29A-9CE3832FEE84}.Debug|Any CPU.ActiveCfg = Debug|Any CPU
		{DEDC76B3-994F-4298-B29A-9CE3832FEE84}.Debug|Any CPU.Build.0 = Debug|Any CPU
		{DEDC76B3-994F-4298-B29A-9CE3832FEE84}.Release|Any CPU.ActiveCfg = Release|Any CPU
		{DEDC76B3-994F-4298-B29A-9CE3832FEE84}.Release|Any CPU.Build.0 = Release|Any CPU
		{C75666B9-DAA7-4202-836F-80EB152A2168}.Debug|Any CPU.ActiveCfg = Debug|Any CPU
		{C75666B9-DAA7-4202-836F-80EB152A2168}.Debug|Any CPU.Build.0 = Debug|Any CPU
		{C75666B9-DAA7-4202-836F-80EB152A2168}.Release|Any CPU.ActiveCfg = Release|Any CPU
		{C75666B9-DAA7-4202-836F-80EB152A2168}.Release|Any CPU.Build.0 = Release|Any CPU
		{BF64D61D-2C3A-408E-B9FF-6DB00C8F02DB}.Debug|Any CPU.ActiveCfg = Debug|Any CPU
		{BF64D61D-2C3A-408E-B9FF-6DB00C8F02DB}.Debug|Any CPU.Build.0 = Debug|Any CPU
		{BF64D61D-2C3A-408E-B9FF-6DB00C8F02DB}.Release|Any CPU.ActiveCfg = Release|Any CPU
		{BF64D61D-2C3A-408E-B9FF-6DB00C8F02DB}.Release|Any CPU.Build.0 = Release|Any CPU
	EndGlobalSection
	GlobalSection(NestedProjects) = preSolution
		{E97EC190-1EF4-4972-BFEC-80B10096190D} = {7494DCC7-1C6E-4F89-8014-7DCC354B2551}
		{0009DD00-3E01-4562-B154-FCDE5685B7B4} = {C7BDA920-A675-4957-9B53-AB4FE4BC2AF8}
		{161C6BAB-EB7E-4C97-9E57-FA5C840DFD4E} = {E6D8FF38-CE91-4063-8B0B-95752C7B9C10}
		{88A53910-E7CE-4C7F-BB76-32067396BB6B} = {E6D8FF38-CE91-4063-8B0B-95752C7B9C10}
		{24F1886B-E895-4413-A16F-5CC7F10CBEAE} = {E6D8FF38-CE91-4063-8B0B-95752C7B9C10}
		{FBA600D1-1048-4926-8A3C-2F1026C7D957} = {E6D8FF38-CE91-4063-8B0B-95752C7B9C10}
		{29D43980-0620-4EF9-AE1D-44EEF2782946} = {C7BDA920-A675-4957-9B53-AB4FE4BC2AF8}
		{D5D93C6C-58BD-4365-8522-ACEF1F9C6BE2} = {7494DCC7-1C6E-4F89-8014-7DCC354B2551}
		{DD1A33CC-C9D7-473A-948E-DC3C397C23C9} = {C7BDA920-A675-4957-9B53-AB4FE4BC2AF8}
		{1448E12A-C092-4CC4-9148-8D3B20870D39} = {E6D8FF38-CE91-4063-8B0B-95752C7B9C10}
		{594CC612-25AB-4AE1-B836-C416880E5701} = {C7BDA920-A675-4957-9B53-AB4FE4BC2AF8}
		{0AAB67A1-902A-47C0-B486-668508746F06} = {C7BDA920-A675-4957-9B53-AB4FE4BC2AF8}
		{02EE1C5E-F151-47BD-9FD8-207E101D1671} = {C7BDA920-A675-4957-9B53-AB4FE4BC2AF8}
		{B46FB9EB-FF32-4EED-BE99-832483DC288E} = {E6D8FF38-CE91-4063-8B0B-95752C7B9C10}
		{CFB25F2B-C049-4822-A322-71A7D609CD2A} = {E6D8FF38-CE91-4063-8B0B-95752C7B9C10}
		{55A28508-C43C-4D86-8114-A975327D0993} = {E6D8FF38-CE91-4063-8B0B-95752C7B9C10}
		{10B21889-7E00-4FB6-B5BD-57358F2E705F} = {E6D8FF38-CE91-4063-8B0B-95752C7B9C10}
		{F6DEBD73-7F76-4F7E-92FB-F439891CB6C8} = {7494DCC7-1C6E-4F89-8014-7DCC354B2551}
		{DEDC76B3-994F-4298-B29A-9CE3832FEE84} = {7494DCC7-1C6E-4F89-8014-7DCC354B2551}
		{BF64D61D-2C3A-408E-B9FF-6DB00C8F02DB} = {E6D8FF38-CE91-4063-8B0B-95752C7B9C10}
	EndGlobalSection
EndGlobal
