
Microsoft Visual Studio Solution File, Format Version 12.00
Project("{FAE04EC0-301F-11D3-BF4B-00C04F79EFBC}") = "WebApp", "WebApp\WebApp.csproj", "{D34B0815-2FFC-443E-AE8D-8C8AB7776043}"
EndProject
Project("{2150E333-8FDC-42A3-9474-1A3956D46DE8}") = "App", "App", "{6B61EC6C-FA2B-47F7-A2AD-A7774BA24FA6}"
EndProject
Project("{2150E333-8FDC-42A3-9474-1A3956D46DE8}") = "Base.Contracts", "Base.Contracts", "{1957BAD0-9D9E-4E15-A7F2-D895E409374E}"
EndProject
Project("{FAE04EC0-301F-11D3-BF4B-00C04F79EFBC}") = "Base.Contracts.Base", "Base.Contracts.Base\Base.Contracts.Base.csproj", "{DA5DDD90-AC8B-4649-BB3A-460B6D409CB7}"
EndProject
Project("{FAE04EC0-301F-11D3-BF4B-00C04F79EFBC}") = "Base.Contracts.BLL", "Base.Contracts.BLL\Base.Contracts.BLL.csproj", "{25C78A19-BBF8-4260-9FD0-C591D4058C75}"
EndProject
Project("{FAE04EC0-301F-11D3-BF4B-00C04F79EFBC}") = "Base.Contracts.DAL", "Base.Contracts.DAL\Base.Contracts.DAL.csproj", "{378DB010-5668-4A3F-A37B-F035C4D3B873}"
EndProject
Project("{FAE04EC0-301F-11D3-BF4B-00C04F79EFBC}") = "Base.Contracts.Domain", "Base.Contracts.Domain\Base.Contracts.Domain.csproj", "{A333B194-57CC-41D7-B8A7-7BE4A3280A9F}"
EndProject
Project("{2150E333-8FDC-42A3-9474-1A3956D46DE8}") = "Base", "Base", "{127430B5-6771-40AF-80CF-5150E252B347}"
EndProject
Project("{FAE04EC0-301F-11D3-BF4B-00C04F79EFBC}") = "Base.BLL", "Base.BLL\Base.BLL.csproj", "{56469B39-B631-422B-BA09-33C97ACA8B13}"
EndProject
Project("{FAE04EC0-301F-11D3-BF4B-00C04F79EFBC}") = "Base.DAL", "Base.DAL\Base.DAL.csproj", "{AAF89DFD-DDFF-43E2-8ECF-9CEC9DC86D9E}"
EndProject
Project("{FAE04EC0-301F-11D3-BF4B-00C04F79EFBC}") = "Base.DAL.EF", "Base.DAL.EF\Base.DAL.EF.csproj", "{C87B1674-E164-4DBD-84F2-94BF1FED12DD}"
EndProject
Project("{FAE04EC0-301F-11D3-BF4B-00C04F79EFBC}") = "Base.Domain", "Base.Domain\Base.Domain.csproj", "{001374F3-8AB4-41D7-B95F-1CD46CA6C12F}"
EndProject
Project("{FAE04EC0-301F-11D3-BF4B-00C04F79EFBC}") = "Base.Extensions", "Base.Extensions\Base.Extensions.csproj", "{F597E253-73DB-456C-8363-152858672B85}"
EndProject
Project("{2150E333-8FDC-42A3-9474-1A3956D46DE8}") = "Solution Items", "Solution Items", "{2A77337A-3061-4623-8A56-2C53D279A5FC}"
	ProjectSection(SolutionItems) = preProject
		Directory.Build.props = Directory.Build.props
		docker-compose.yml = docker-compose.yml
		Dockerfile = Dockerfile
		README.md = README.md
		.dockerignore = .dockerignore
		.gitignore = .gitignore
	EndProjectSection
EndProject
Project("{FAE04EC0-301F-11D3-BF4B-00C04F79EFBC}") = "App.BLL", "App.BLL\App.BLL.csproj", "{7AF07573-1273-4599-BB0D-BF009DB55141}"
EndProject
Project("{FAE04EC0-301F-11D3-BF4B-00C04F79EFBC}") = "App.BLL.DTO", "App.BLL.DTO\App.BLL.DTO.csproj", "{1F4B8E76-B7F8-49FF-895B-562611DF1568}"
EndProject
Project("{2150E333-8FDC-42A3-9474-1A3956D46DE8}") = "App.Contracts", "App.Contracts", "{74A973C1-607E-4EEF-92B4-422E8264B226}"
EndProject
Project("{FAE04EC0-301F-11D3-BF4B-00C04F79EFBC}") = "App.Contracts.BLL", "App.Contracts.BLL\App.Contracts.BLL.csproj", "{2F51F463-3965-4758-A746-B30507ED1D90}"
EndProject
Project("{FAE04EC0-301F-11D3-BF4B-00C04F79EFBC}") = "App.Contracts.DAL", "App.Contracts.DAL\App.Contracts.DAL.csproj", "{6D81EBA4-5312-4AAE-916C-0F47E632D6DE}"
EndProject
Project("{FAE04EC0-301F-11D3-BF4B-00C04F79EFBC}") = "App.DAL.EF", "App.DAL.EF\App.DAL.EF.csproj", "{CC0E61E0-A8B6-4E06-A933-06C49E8E164E}"
EndProject
Project("{FAE04EC0-301F-11D3-BF4B-00C04F79EFBC}") = "App.DAL.DTO", "App.DAL.DTO\App.DAL.DTO.csproj", "{E4A781BC-7FB5-42E5-95D7-86D209D6324E}"
EndProject
Project("{FAE04EC0-301F-11D3-BF4B-00C04F79EFBC}") = "App.Domain", "App.Domain\App.Domain.csproj", "{FB192FF2-BFA7-4DF3-8BA1-57FD6B8EB804}"
EndProject
Project("{FAE04EC0-301F-11D3-BF4B-00C04F79EFBC}") = "App.Public.DTO", "App.Public.DTO\App.Public.DTO.csproj", "{EBB4F6CE-A369-4982-8138-FB9BBF11C97C}"
EndProject
Project("{FAE04EC0-301F-11D3-BF4B-00C04F79EFBC}") = "Base.Common", "Base.Common\Base.Common.csproj", "{6E19266C-D5A5-4723-971F-CA628F7E94DA}"
EndProject
Project("{FAE04EC0-301F-11D3-BF4B-00C04F79EFBC}") = "Tests.WebApp", "Tests.WebApp\Tests.WebApp.csproj", "{F463E5F5-2DEB-48C1-929C-EFBBB0207535}"
EndProject
Global
	GlobalSection(SolutionConfigurationPlatforms) = preSolution
		Debug|Any CPU = Debug|Any CPU
		Release|Any CPU = Release|Any CPU
	EndGlobalSection
	GlobalSection(ProjectConfigurationPlatforms) = postSolution
		{D34B0815-2FFC-443E-AE8D-8C8AB7776043}.Debug|Any CPU.ActiveCfg = Debug|Any CPU
		{D34B0815-2FFC-443E-AE8D-8C8AB7776043}.Debug|Any CPU.Build.0 = Debug|Any CPU
		{D34B0815-2FFC-443E-AE8D-8C8AB7776043}.Release|Any CPU.ActiveCfg = Release|Any CPU
		{D34B0815-2FFC-443E-AE8D-8C8AB7776043}.Release|Any CPU.Build.0 = Release|Any CPU
		{DA5DDD90-AC8B-4649-BB3A-460B6D409CB7}.Debug|Any CPU.ActiveCfg = Debug|Any CPU
		{DA5DDD90-AC8B-4649-BB3A-460B6D409CB7}.Debug|Any CPU.Build.0 = Debug|Any CPU
		{DA5DDD90-AC8B-4649-BB3A-460B6D409CB7}.Release|Any CPU.ActiveCfg = Release|Any CPU
		{DA5DDD90-AC8B-4649-BB3A-460B6D409CB7}.Release|Any CPU.Build.0 = Release|Any CPU
		{25C78A19-BBF8-4260-9FD0-C591D4058C75}.Debug|Any CPU.ActiveCfg = Debug|Any CPU
		{25C78A19-BBF8-4260-9FD0-C591D4058C75}.Debug|Any CPU.Build.0 = Debug|Any CPU
		{25C78A19-BBF8-4260-9FD0-C591D4058C75}.Release|Any CPU.ActiveCfg = Release|Any CPU
		{25C78A19-BBF8-4260-9FD0-C591D4058C75}.Release|Any CPU.Build.0 = Release|Any CPU
		{378DB010-5668-4A3F-A37B-F035C4D3B873}.Debug|Any CPU.ActiveCfg = Debug|Any CPU
		{378DB010-5668-4A3F-A37B-F035C4D3B873}.Debug|Any CPU.Build.0 = Debug|Any CPU
		{378DB010-5668-4A3F-A37B-F035C4D3B873}.Release|Any CPU.ActiveCfg = Release|Any CPU
		{378DB010-5668-4A3F-A37B-F035C4D3B873}.Release|Any CPU.Build.0 = Release|Any CPU
		{A333B194-57CC-41D7-B8A7-7BE4A3280A9F}.Debug|Any CPU.ActiveCfg = Debug|Any CPU
		{A333B194-57CC-41D7-B8A7-7BE4A3280A9F}.Debug|Any CPU.Build.0 = Debug|Any CPU
		{A333B194-57CC-41D7-B8A7-7BE4A3280A9F}.Release|Any CPU.ActiveCfg = Release|Any CPU
		{A333B194-57CC-41D7-B8A7-7BE4A3280A9F}.Release|Any CPU.Build.0 = Release|Any CPU
		{56469B39-B631-422B-BA09-33C97ACA8B13}.Debug|Any CPU.ActiveCfg = Debug|Any CPU
		{56469B39-B631-422B-BA09-33C97ACA8B13}.Debug|Any CPU.Build.0 = Debug|Any CPU
		{56469B39-B631-422B-BA09-33C97ACA8B13}.Release|Any CPU.ActiveCfg = Release|Any CPU
		{56469B39-B631-422B-BA09-33C97ACA8B13}.Release|Any CPU.Build.0 = Release|Any CPU
		{AAF89DFD-DDFF-43E2-8ECF-9CEC9DC86D9E}.Debug|Any CPU.ActiveCfg = Debug|Any CPU
		{AAF89DFD-DDFF-43E2-8ECF-9CEC9DC86D9E}.Debug|Any CPU.Build.0 = Debug|Any CPU
		{AAF89DFD-DDFF-43E2-8ECF-9CEC9DC86D9E}.Release|Any CPU.ActiveCfg = Release|Any CPU
		{AAF89DFD-DDFF-43E2-8ECF-9CEC9DC86D9E}.Release|Any CPU.Build.0 = Release|Any CPU
		{C87B1674-E164-4DBD-84F2-94BF1FED12DD}.Debug|Any CPU.ActiveCfg = Debug|Any CPU
		{C87B1674-E164-4DBD-84F2-94BF1FED12DD}.Debug|Any CPU.Build.0 = Debug|Any CPU
		{C87B1674-E164-4DBD-84F2-94BF1FED12DD}.Release|Any CPU.ActiveCfg = Release|Any CPU
		{C87B1674-E164-4DBD-84F2-94BF1FED12DD}.Release|Any CPU.Build.0 = Release|Any CPU
		{001374F3-8AB4-41D7-B95F-1CD46CA6C12F}.Debug|Any CPU.ActiveCfg = Debug|Any CPU
		{001374F3-8AB4-41D7-B95F-1CD46CA6C12F}.Debug|Any CPU.Build.0 = Debug|Any CPU
		{001374F3-8AB4-41D7-B95F-1CD46CA6C12F}.Release|Any CPU.ActiveCfg = Release|Any CPU
		{001374F3-8AB4-41D7-B95F-1CD46CA6C12F}.Release|Any CPU.Build.0 = Release|Any CPU
		{F597E253-73DB-456C-8363-152858672B85}.Debug|Any CPU.ActiveCfg = Debug|Any CPU
		{F597E253-73DB-456C-8363-152858672B85}.Debug|Any CPU.Build.0 = Debug|Any CPU
		{F597E253-73DB-456C-8363-152858672B85}.Release|Any CPU.ActiveCfg = Release|Any CPU
		{F597E253-73DB-456C-8363-152858672B85}.Release|Any CPU.Build.0 = Release|Any CPU
		{7AF07573-1273-4599-BB0D-BF009DB55141}.Debug|Any CPU.ActiveCfg = Debug|Any CPU
		{7AF07573-1273-4599-BB0D-BF009DB55141}.Debug|Any CPU.Build.0 = Debug|Any CPU
		{7AF07573-1273-4599-BB0D-BF009DB55141}.Release|Any CPU.ActiveCfg = Release|Any CPU
		{7AF07573-1273-4599-BB0D-BF009DB55141}.Release|Any CPU.Build.0 = Release|Any CPU
		{1F4B8E76-B7F8-49FF-895B-562611DF1568}.Debug|Any CPU.ActiveCfg = Debug|Any CPU
		{1F4B8E76-B7F8-49FF-895B-562611DF1568}.Debug|Any CPU.Build.0 = Debug|Any CPU
		{1F4B8E76-B7F8-49FF-895B-562611DF1568}.Release|Any CPU.ActiveCfg = Release|Any CPU
		{1F4B8E76-B7F8-49FF-895B-562611DF1568}.Release|Any CPU.Build.0 = Release|Any CPU
		{2F51F463-3965-4758-A746-B30507ED1D90}.Debug|Any CPU.ActiveCfg = Debug|Any CPU
		{2F51F463-3965-4758-A746-B30507ED1D90}.Debug|Any CPU.Build.0 = Debug|Any CPU
		{2F51F463-3965-4758-A746-B30507ED1D90}.Release|Any CPU.ActiveCfg = Release|Any CPU
		{2F51F463-3965-4758-A746-B30507ED1D90}.Release|Any CPU.Build.0 = Release|Any CPU
		{6D81EBA4-5312-4AAE-916C-0F47E632D6DE}.Debug|Any CPU.ActiveCfg = Debug|Any CPU
		{6D81EBA4-5312-4AAE-916C-0F47E632D6DE}.Debug|Any CPU.Build.0 = Debug|Any CPU
		{6D81EBA4-5312-4AAE-916C-0F47E632D6DE}.Release|Any CPU.ActiveCfg = Release|Any CPU
		{6D81EBA4-5312-4AAE-916C-0F47E632D6DE}.Release|Any CPU.Build.0 = Release|Any CPU
		{CC0E61E0-A8B6-4E06-A933-06C49E8E164E}.Debug|Any CPU.ActiveCfg = Debug|Any CPU
		{CC0E61E0-A8B6-4E06-A933-06C49E8E164E}.Debug|Any CPU.Build.0 = Debug|Any CPU
		{CC0E61E0-A8B6-4E06-A933-06C49E8E164E}.Release|Any CPU.ActiveCfg = Release|Any CPU
		{CC0E61E0-A8B6-4E06-A933-06C49E8E164E}.Release|Any CPU.Build.0 = Release|Any CPU
		{E4A781BC-7FB5-42E5-95D7-86D209D6324E}.Debug|Any CPU.ActiveCfg = Debug|Any CPU
		{E4A781BC-7FB5-42E5-95D7-86D209D6324E}.Debug|Any CPU.Build.0 = Debug|Any CPU
		{E4A781BC-7FB5-42E5-95D7-86D209D6324E}.Release|Any CPU.ActiveCfg = Release|Any CPU
		{E4A781BC-7FB5-42E5-95D7-86D209D6324E}.Release|Any CPU.Build.0 = Release|Any CPU
		{FB192FF2-BFA7-4DF3-8BA1-57FD6B8EB804}.Debug|Any CPU.ActiveCfg = Debug|Any CPU
		{FB192FF2-BFA7-4DF3-8BA1-57FD6B8EB804}.Debug|Any CPU.Build.0 = Debug|Any CPU
		{FB192FF2-BFA7-4DF3-8BA1-57FD6B8EB804}.Release|Any CPU.ActiveCfg = Release|Any CPU
		{FB192FF2-BFA7-4DF3-8BA1-57FD6B8EB804}.Release|Any CPU.Build.0 = Release|Any CPU
		{EBB4F6CE-A369-4982-8138-FB9BBF11C97C}.Debug|Any CPU.ActiveCfg = Debug|Any CPU
		{EBB4F6CE-A369-4982-8138-FB9BBF11C97C}.Debug|Any CPU.Build.0 = Debug|Any CPU
		{EBB4F6CE-A369-4982-8138-FB9BBF11C97C}.Release|Any CPU.ActiveCfg = Release|Any CPU
		{EBB4F6CE-A369-4982-8138-FB9BBF11C97C}.Release|Any CPU.Build.0 = Release|Any CPU
		{6E19266C-D5A5-4723-971F-CA628F7E94DA}.Debug|Any CPU.ActiveCfg = Debug|Any CPU
		{6E19266C-D5A5-4723-971F-CA628F7E94DA}.Debug|Any CPU.Build.0 = Debug|Any CPU
		{6E19266C-D5A5-4723-971F-CA628F7E94DA}.Release|Any CPU.ActiveCfg = Release|Any CPU
		{6E19266C-D5A5-4723-971F-CA628F7E94DA}.Release|Any CPU.Build.0 = Release|Any CPU
		{F463E5F5-2DEB-48C1-929C-EFBBB0207535}.Debug|Any CPU.ActiveCfg = Debug|Any CPU
		{F463E5F5-2DEB-48C1-929C-EFBBB0207535}.Debug|Any CPU.Build.0 = Debug|Any CPU
		{F463E5F5-2DEB-48C1-929C-EFBBB0207535}.Release|Any CPU.ActiveCfg = Release|Any CPU
		{F463E5F5-2DEB-48C1-929C-EFBBB0207535}.Release|Any CPU.Build.0 = Release|Any CPU
	EndGlobalSection
	GlobalSection(NestedProjects) = preSolution
		{D34B0815-2FFC-443E-AE8D-8C8AB7776043} = {6B61EC6C-FA2B-47F7-A2AD-A7774BA24FA6}
		{DA5DDD90-AC8B-4649-BB3A-460B6D409CB7} = {1957BAD0-9D9E-4E15-A7F2-D895E409374E}
		{25C78A19-BBF8-4260-9FD0-C591D4058C75} = {1957BAD0-9D9E-4E15-A7F2-D895E409374E}
		{378DB010-5668-4A3F-A37B-F035C4D3B873} = {1957BAD0-9D9E-4E15-A7F2-D895E409374E}
		{A333B194-57CC-41D7-B8A7-7BE4A3280A9F} = {1957BAD0-9D9E-4E15-A7F2-D895E409374E}
		{56469B39-B631-422B-BA09-33C97ACA8B13} = {127430B5-6771-40AF-80CF-5150E252B347}
		{AAF89DFD-DDFF-43E2-8ECF-9CEC9DC86D9E} = {127430B5-6771-40AF-80CF-5150E252B347}
		{C87B1674-E164-4DBD-84F2-94BF1FED12DD} = {127430B5-6771-40AF-80CF-5150E252B347}
		{001374F3-8AB4-41D7-B95F-1CD46CA6C12F} = {127430B5-6771-40AF-80CF-5150E252B347}
		{F597E253-73DB-456C-8363-152858672B85} = {127430B5-6771-40AF-80CF-5150E252B347}
		{7AF07573-1273-4599-BB0D-BF009DB55141} = {6B61EC6C-FA2B-47F7-A2AD-A7774BA24FA6}
		{1F4B8E76-B7F8-49FF-895B-562611DF1568} = {6B61EC6C-FA2B-47F7-A2AD-A7774BA24FA6}
		{2F51F463-3965-4758-A746-B30507ED1D90} = {74A973C1-607E-4EEF-92B4-422E8264B226}
		{6D81EBA4-5312-4AAE-916C-0F47E632D6DE} = {74A973C1-607E-4EEF-92B4-422E8264B226}
		{CC0E61E0-A8B6-4E06-A933-06C49E8E164E} = {6B61EC6C-FA2B-47F7-A2AD-A7774BA24FA6}
		{E4A781BC-7FB5-42E5-95D7-86D209D6324E} = {6B61EC6C-FA2B-47F7-A2AD-A7774BA24FA6}
		{FB192FF2-BFA7-4DF3-8BA1-57FD6B8EB804} = {6B61EC6C-FA2B-47F7-A2AD-A7774BA24FA6}
		{EBB4F6CE-A369-4982-8138-FB9BBF11C97C} = {6B61EC6C-FA2B-47F7-A2AD-A7774BA24FA6}
		{6E19266C-D5A5-4723-971F-CA628F7E94DA} = {127430B5-6771-40AF-80CF-5150E252B347}
	EndGlobalSection
EndGlobal
